
Microsoft Visual Studio Solution File, Format Version 12.00
# Visual Studio Version 17
VisualStudioVersion = 17.0.32126.317
MinimumVisualStudioVersion = 10.0.40219.1
Project("{9A19103F-16F7-4668-BE54-9A1E7A4F7556}") = "ProjMongoDBPassenger", "ProjMongoDBApi\ProjMongoDBPassenger.csproj", "{9B491A60-D454-415F-AC85-8E47F5D7B2C2}"
EndProject
Project("{9A19103F-16F7-4668-BE54-9A1E7A4F7556}") = "Models", "ClassLibrary1\Models.csproj", "{167D7A42-5315-4538-941C-531EF5F47F78}"
EndProject
Project("{9A19103F-16F7-4668-BE54-9A1E7A4F7556}") = "ProjMongoDBAircraft", "ProjMongoDBAircraft\ProjMongoDBAircraft.csproj", "{385CF535-0C82-4723-957F-B723F3D35C7C}"
EndProject
Project("{9A19103F-16F7-4668-BE54-9A1E7A4F7556}") = "ProjMongoDBFlight", "ProjMongoDBFlight\ProjMongoDBFlight.csproj", "{966AE355-4917-449C-A518-1CA1A39DA8DC}"
EndProject
Project("{9A19103F-16F7-4668-BE54-9A1E7A4F7556}") = "ProjMongoDBAirport", "ProjMongoDBAirport\ProjMongoDBAirport.csproj", "{2B6D3570-0FB2-4514-B772-1242B5FE5740}"
EndProject
Project("{9A19103F-16F7-4668-BE54-9A1E7A4F7556}") = "ProjMongoDBBasePrice", "ProjMongoDBBasePrice\ProjMongoDBBasePrice.csproj", "{7F7B25F8-7E2F-438B-8D75-823EAEB43D0A}"
EndProject
Project("{9A19103F-16F7-4668-BE54-9A1E7A4F7556}") = "ProjMongoDBFlightClass", "ProjMongoDBFlightClass\ProjMongoDBFlightClass.csproj", "{C393102D-110A-4B42-A552-2C01A24F17A3}"
EndProject
Project("{9A19103F-16F7-4668-BE54-9A1E7A4F7556}") = "ProjMongoDBTicket", "ProjMongoDBTicket\ProjMongoDBTicket.csproj", "{1642A327-BB16-421D-A6B8-117CBA8C2225}"
EndProject
Project("{9A19103F-16F7-4668-BE54-9A1E7A4F7556}") = "ProjDapperAirport", "ProjDapperAirport\ProjDapperAirport.csproj", "{4A3B1E67-7123-44EE-8D8D-1AE69BA61B3F}"
EndProject
Project("{9A19103F-16F7-4668-BE54-9A1E7A4F7556}") = "ProjDapperApiAirport", "ProjDapperApi\ProjDapperApiAirport.csproj", "{250125F2-F3A6-49A3-B0E8-70FAD93038C2}"
EndProject
Project("{9A19103F-16F7-4668-BE54-9A1E7A4F7556}") = "ProjEntityApiAirport", "ProjEntityApiAirport\ProjEntityApiAirport.csproj", "{D9CE6DD9-175D-4CEA-B50D-82B689D8B7CC}"
EndProject
Project("{9A19103F-16F7-4668-BE54-9A1E7A4F7556}") = "TestApiDapperEntity", "TestApiDapperEntity\TestApiDapperEntity.csproj", "{81DD3E09-13E0-4B6A-BCAB-AA09FC45C778}"
EndProject
Project("{9A19103F-16F7-4668-BE54-9A1E7A4F7556}") = "ProjMongoDBUser", "ProjMongoDBUser\ProjMongoDBUser.csproj", "{F2803F00-2BB7-4F40-BCD1-79B4AA27938F}"
EndProject
Project("{9A19103F-16F7-4668-BE54-9A1E7A4F7556}") = "ProjMongoDBLog", "ProjMongoDBLog\ProjMongoDBLog.csproj", "{FBD84523-9503-456E-9A55-FC615CBE4826}"
EndProject
Project("{FAE04EC0-301F-11D3-BF4B-00C04F79EFBC}") = "ProjMVCAirportData", "ProjMVCAirportData\ProjMVCAirportData.csproj", "{81AAC050-EDFD-493F-AEF3-3F84C5829807}"
EndProject
Project("{FAE04EC0-301F-11D3-BF4B-00C04F79EFBC}") = "ProjMVCMongoAirport", "ProjMVCMongoAirport\ProjMVCMongoAirport.csproj", "{A2980D36-8879-4746-BA40-9F5F2CF0EC54}"
EndProject
Global
	GlobalSection(SolutionConfigurationPlatforms) = preSolution
		Debug|Any CPU = Debug|Any CPU
		Release|Any CPU = Release|Any CPU
	EndGlobalSection
	GlobalSection(ProjectConfigurationPlatforms) = postSolution
		{9B491A60-D454-415F-AC85-8E47F5D7B2C2}.Debug|Any CPU.ActiveCfg = Debug|Any CPU
		{9B491A60-D454-415F-AC85-8E47F5D7B2C2}.Debug|Any CPU.Build.0 = Debug|Any CPU
		{9B491A60-D454-415F-AC85-8E47F5D7B2C2}.Release|Any CPU.ActiveCfg = Release|Any CPU
		{9B491A60-D454-415F-AC85-8E47F5D7B2C2}.Release|Any CPU.Build.0 = Release|Any CPU
		{167D7A42-5315-4538-941C-531EF5F47F78}.Debug|Any CPU.ActiveCfg = Debug|Any CPU
		{167D7A42-5315-4538-941C-531EF5F47F78}.Debug|Any CPU.Build.0 = Debug|Any CPU
		{167D7A42-5315-4538-941C-531EF5F47F78}.Release|Any CPU.ActiveCfg = Release|Any CPU
		{167D7A42-5315-4538-941C-531EF5F47F78}.Release|Any CPU.Build.0 = Release|Any CPU
		{385CF535-0C82-4723-957F-B723F3D35C7C}.Debug|Any CPU.ActiveCfg = Debug|Any CPU
		{385CF535-0C82-4723-957F-B723F3D35C7C}.Debug|Any CPU.Build.0 = Debug|Any CPU
		{385CF535-0C82-4723-957F-B723F3D35C7C}.Release|Any CPU.ActiveCfg = Release|Any CPU
		{385CF535-0C82-4723-957F-B723F3D35C7C}.Release|Any CPU.Build.0 = Release|Any CPU
		{966AE355-4917-449C-A518-1CA1A39DA8DC}.Debug|Any CPU.ActiveCfg = Debug|Any CPU
		{966AE355-4917-449C-A518-1CA1A39DA8DC}.Debug|Any CPU.Build.0 = Debug|Any CPU
		{966AE355-4917-449C-A518-1CA1A39DA8DC}.Release|Any CPU.ActiveCfg = Release|Any CPU
		{966AE355-4917-449C-A518-1CA1A39DA8DC}.Release|Any CPU.Build.0 = Release|Any CPU
		{2B6D3570-0FB2-4514-B772-1242B5FE5740}.Debug|Any CPU.ActiveCfg = Debug|Any CPU
		{2B6D3570-0FB2-4514-B772-1242B5FE5740}.Debug|Any CPU.Build.0 = Debug|Any CPU
		{2B6D3570-0FB2-4514-B772-1242B5FE5740}.Release|Any CPU.ActiveCfg = Release|Any CPU
		{2B6D3570-0FB2-4514-B772-1242B5FE5740}.Release|Any CPU.Build.0 = Release|Any CPU
		{7F7B25F8-7E2F-438B-8D75-823EAEB43D0A}.Debug|Any CPU.ActiveCfg = Debug|Any CPU
		{7F7B25F8-7E2F-438B-8D75-823EAEB43D0A}.Debug|Any CPU.Build.0 = Debug|Any CPU
		{7F7B25F8-7E2F-438B-8D75-823EAEB43D0A}.Release|Any CPU.ActiveCfg = Release|Any CPU
		{7F7B25F8-7E2F-438B-8D75-823EAEB43D0A}.Release|Any CPU.Build.0 = Release|Any CPU
		{C393102D-110A-4B42-A552-2C01A24F17A3}.Debug|Any CPU.ActiveCfg = Debug|Any CPU
		{C393102D-110A-4B42-A552-2C01A24F17A3}.Debug|Any CPU.Build.0 = Debug|Any CPU
		{C393102D-110A-4B42-A552-2C01A24F17A3}.Release|Any CPU.ActiveCfg = Release|Any CPU
		{C393102D-110A-4B42-A552-2C01A24F17A3}.Release|Any CPU.Build.0 = Release|Any CPU
		{1642A327-BB16-421D-A6B8-117CBA8C2225}.Debug|Any CPU.ActiveCfg = Debug|Any CPU
		{1642A327-BB16-421D-A6B8-117CBA8C2225}.Debug|Any CPU.Build.0 = Debug|Any CPU
		{1642A327-BB16-421D-A6B8-117CBA8C2225}.Release|Any CPU.ActiveCfg = Release|Any CPU
		{1642A327-BB16-421D-A6B8-117CBA8C2225}.Release|Any CPU.Build.0 = Release|Any CPU
		{4A3B1E67-7123-44EE-8D8D-1AE69BA61B3F}.Debug|Any CPU.ActiveCfg = Debug|Any CPU
		{4A3B1E67-7123-44EE-8D8D-1AE69BA61B3F}.Debug|Any CPU.Build.0 = Debug|Any CPU
		{4A3B1E67-7123-44EE-8D8D-1AE69BA61B3F}.Release|Any CPU.ActiveCfg = Release|Any CPU
		{4A3B1E67-7123-44EE-8D8D-1AE69BA61B3F}.Release|Any CPU.Build.0 = Release|Any CPU
		{250125F2-F3A6-49A3-B0E8-70FAD93038C2}.Debug|Any CPU.ActiveCfg = Debug|Any CPU
		{250125F2-F3A6-49A3-B0E8-70FAD93038C2}.Debug|Any CPU.Build.0 = Debug|Any CPU
		{250125F2-F3A6-49A3-B0E8-70FAD93038C2}.Release|Any CPU.ActiveCfg = Release|Any CPU
		{250125F2-F3A6-49A3-B0E8-70FAD93038C2}.Release|Any CPU.Build.0 = Release|Any CPU
		{D9CE6DD9-175D-4CEA-B50D-82B689D8B7CC}.Debug|Any CPU.ActiveCfg = Debug|Any CPU
		{D9CE6DD9-175D-4CEA-B50D-82B689D8B7CC}.Debug|Any CPU.Build.0 = Debug|Any CPU
		{D9CE6DD9-175D-4CEA-B50D-82B689D8B7CC}.Release|Any CPU.ActiveCfg = Release|Any CPU
		{D9CE6DD9-175D-4CEA-B50D-82B689D8B7CC}.Release|Any CPU.Build.0 = Release|Any CPU
		{81DD3E09-13E0-4B6A-BCAB-AA09FC45C778}.Debug|Any CPU.ActiveCfg = Debug|Any CPU
		{81DD3E09-13E0-4B6A-BCAB-AA09FC45C778}.Debug|Any CPU.Build.0 = Debug|Any CPU
		{81DD3E09-13E0-4B6A-BCAB-AA09FC45C778}.Release|Any CPU.ActiveCfg = Release|Any CPU
		{81DD3E09-13E0-4B6A-BCAB-AA09FC45C778}.Release|Any CPU.Build.0 = Release|Any CPU
		{F2803F00-2BB7-4F40-BCD1-79B4AA27938F}.Debug|Any CPU.ActiveCfg = Debug|Any CPU
		{F2803F00-2BB7-4F40-BCD1-79B4AA27938F}.Debug|Any CPU.Build.0 = Debug|Any CPU
		{F2803F00-2BB7-4F40-BCD1-79B4AA27938F}.Release|Any CPU.ActiveCfg = Release|Any CPU
		{F2803F00-2BB7-4F40-BCD1-79B4AA27938F}.Release|Any CPU.Build.0 = Release|Any CPU
		{FBD84523-9503-456E-9A55-FC615CBE4826}.Debug|Any CPU.ActiveCfg = Debug|Any CPU
		{FBD84523-9503-456E-9A55-FC615CBE4826}.Debug|Any CPU.Build.0 = Debug|Any CPU
		{FBD84523-9503-456E-9A55-FC615CBE4826}.Release|Any CPU.ActiveCfg = Release|Any CPU
		{FBD84523-9503-456E-9A55-FC615CBE4826}.Release|Any CPU.Build.0 = Release|Any CPU
		{81AAC050-EDFD-493F-AEF3-3F84C5829807}.Debug|Any CPU.ActiveCfg = Debug|Any CPU
		{81AAC050-EDFD-493F-AEF3-3F84C5829807}.Debug|Any CPU.Build.0 = Debug|Any CPU
		{81AAC050-EDFD-493F-AEF3-3F84C5829807}.Release|Any CPU.ActiveCfg = Release|Any CPU
		{81AAC050-EDFD-493F-AEF3-3F84C5829807}.Release|Any CPU.Build.0 = Release|Any CPU
		{A2980D36-8879-4746-BA40-9F5F2CF0EC54}.Debug|Any CPU.ActiveCfg = Debug|Any CPU
		{A2980D36-8879-4746-BA40-9F5F2CF0EC54}.Debug|Any CPU.Build.0 = Debug|Any CPU
		{A2980D36-8879-4746-BA40-9F5F2CF0EC54}.Release|Any CPU.ActiveCfg = Release|Any CPU
		{A2980D36-8879-4746-BA40-9F5F2CF0EC54}.Release|Any CPU.Build.0 = Release|Any CPU
	EndGlobalSection
	GlobalSection(SolutionProperties) = preSolution
		HideSolutionNode = FALSE
	EndGlobalSection
	GlobalSection(ExtensibilityGlobals) = postSolution
		SolutionGuid = {BF170878-9E2F-4F46-A362-780666CE6937}
	EndGlobalSection
EndGlobal
